// !$*UTF8*$!
{
	archiveVersion = 1;
	classes = {
	};
	objectVersion = 56;
	objects = {

/* Begin PBXBuildFile section */
		BF47975B292C6A6900F28794 /* AppDelegate.swift in Sources */ = {isa = PBXBuildFile; fileRef = BF47975A292C6A6900F28794 /* AppDelegate.swift */; };
		BF47975D292C6A6900F28794 /* SceneDelegate.swift in Sources */ = {isa = PBXBuildFile; fileRef = BF47975C292C6A6900F28794 /* SceneDelegate.swift */; };
		BF479764292C6A6A00F28794 /* Assets.xcassets in Resources */ = {isa = PBXBuildFile; fileRef = BF479763292C6A6A00F28794 /* Assets.xcassets */; };
		BF479767292C6A6A00F28794 /* LaunchScreen.storyboard in Resources */ = {isa = PBXBuildFile; fileRef = BF479765292C6A6A00F28794 /* LaunchScreen.storyboard */; };
		BF47976F292C6E7500F28794 /* CardSelectionVC.swift in Sources */ = {isa = PBXBuildFile; fileRef = BF47976E292C6E7500F28794 /* CardSelectionVC.swift */; };
		BF479771292C71C500F28794 /* CWButton.swift in Sources */ = {isa = PBXBuildFile; fileRef = BF479770292C71C500F28794 /* CWButton.swift */; };
		BF6A58F4292D0F00000288EA /* RulesVC.swift in Sources */ = {isa = PBXBuildFile; fileRef = BF6A58F3292D0F00000288EA /* RulesVC.swift */; };
		BF6A58F6292D5ACC000288EA /* CardDeck.swift in Sources */ = {isa = PBXBuildFile; fileRef = BF6A58F5292D5ACC000288EA /* CardDeck.swift */; };
/* End PBXBuildFile section */

/* Begin PBXFileReference section */
		BF479757292C6A6900F28794 /* CardWorkout-Programmatic.app */ = {isa = PBXFileReference; explicitFileType = wrapper.application; includeInIndex = 0; path = "CardWorkout-Programmatic.app"; sourceTree = BUILT_PRODUCTS_DIR; };
		BF47975A292C6A6900F28794 /* AppDelegate.swift */ = {isa = PBXFileReference; lastKnownFileType = sourcecode.swift; path = AppDelegate.swift; sourceTree = "<group>"; };
		BF47975C292C6A6900F28794 /* SceneDelegate.swift */ = {isa = PBXFileReference; lastKnownFileType = sourcecode.swift; path = SceneDelegate.swift; sourceTree = "<group>"; };
		BF479763292C6A6A00F28794 /* Assets.xcassets */ = {isa = PBXFileReference; lastKnownFileType = folder.assetcatalog; path = Assets.xcassets; sourceTree = "<group>"; };
		BF479766292C6A6A00F28794 /* Base */ = {isa = PBXFileReference; lastKnownFileType = file.storyboard; name = Base; path = Base.lproj/LaunchScreen.storyboard; sourceTree = "<group>"; };
		BF479768292C6A6A00F28794 /* Info.plist */ = {isa = PBXFileReference; lastKnownFileType = text.plist.xml; path = Info.plist; sourceTree = "<group>"; };
		BF47976E292C6E7500F28794 /* CardSelectionVC.swift */ = {isa = PBXFileReference; lastKnownFileType = sourcecode.swift; path = CardSelectionVC.swift; sourceTree = "<group>"; };
		BF479770292C71C500F28794 /* CWButton.swift */ = {isa = PBXFileReference; lastKnownFileType = sourcecode.swift; path = CWButton.swift; sourceTree = "<group>"; };
		BF6A58F3292D0F00000288EA /* RulesVC.swift */ = {isa = PBXFileReference; lastKnownFileType = sourcecode.swift; path = RulesVC.swift; sourceTree = "<group>"; };
		BF6A58F5292D5ACC000288EA /* CardDeck.swift */ = {isa = PBXFileReference; lastKnownFileType = sourcecode.swift; path = CardDeck.swift; sourceTree = "<group>"; };
/* End PBXFileReference section */

/* Begin PBXFrameworksBuildPhase section */
		BF479754292C6A6900F28794 /* Frameworks */ = {
			isa = PBXFrameworksBuildPhase;
			buildActionMask = 2147483647;
			files = (
			);
			runOnlyForDeploymentPostprocessing = 0;
		};
/* End PBXFrameworksBuildPhase section */

/* Begin PBXGroup section */
		BF47974E292C6A6900F28794 = {
			isa = PBXGroup;
			children = (
				BF479759292C6A6900F28794 /* CardWorkout-Programmatic */,
				BF479758292C6A6900F28794 /* Products */,
			);
			sourceTree = "<group>";
		};
		BF479758292C6A6900F28794 /* Products */ = {
			isa = PBXGroup;
			children = (
				BF479757292C6A6900F28794 /* CardWorkout-Programmatic.app */,
			);
			name = Products;
			sourceTree = "<group>";
		};
		BF479759292C6A6900F28794 /* CardWorkout-Programmatic */ = {
			isa = PBXGroup;
			children = (
				BF47975A292C6A6900F28794 /* AppDelegate.swift */,
				BF47975C292C6A6900F28794 /* SceneDelegate.swift */,
				BF47976E292C6E7500F28794 /* CardSelectionVC.swift */,
				BF479770292C71C500F28794 /* CWButton.swift */,
				BF6A58F3292D0F00000288EA /* RulesVC.swift */,
				BF6A58F5292D5ACC000288EA /* CardDeck.swift */,
				BF479763292C6A6A00F28794 /* Assets.xcassets */,
				BF479765292C6A6A00F28794 /* LaunchScreen.storyboard */,
				BF479768292C6A6A00F28794 /* Info.plist */,
			);
			path = "CardWorkout-Programmatic";
			sourceTree = "<group>";
		};
/* End PBXGroup section */

/* Begin PBXNativeTarget section */
		BF479756292C6A6900F28794 /* CardWorkout-Programmatic */ = {
			isa = PBXNativeTarget;
			buildConfigurationList = BF47976B292C6A6A00F28794 /* Build configuration list for PBXNativeTarget "CardWorkout-Programmatic" */;
			buildPhases = (
				BF479753292C6A6900F28794 /* Sources */,
				BF479754292C6A6900F28794 /* Frameworks */,
				BF479755292C6A6900F28794 /* Resources */,
			);
			buildRules = (
			);
			dependencies = (
			);
			name = "CardWorkout-Programmatic";
			productName = "CardWorkout-Programmatic";
			productReference = BF479757292C6A6900F28794 /* CardWorkout-Programmatic.app */;
			productType = "com.apple.product-type.application";
		};
/* End PBXNativeTarget section */

/* Begin PBXProject section */
		BF47974F292C6A6900F28794 /* Project object */ = {
			isa = PBXProject;
			attributes = {
				BuildIndependentTargetsInParallel = 1;
				LastSwiftUpdateCheck = 1410;
				LastUpgradeCheck = 1410;
				TargetAttributes = {
					BF479756292C6A6900F28794 = {
						CreatedOnToolsVersion = 14.1;
					};
				};
			};
			buildConfigurationList = BF479752292C6A6900F28794 /* Build configuration list for PBXProject "CardWorkout-Programmatic" */;
			compatibilityVersion = "Xcode 14.0";
			developmentRegion = en;
			hasScannedForEncodings = 0;
			knownRegions = (
				en,
				Base,
			);
			mainGroup = BF47974E292C6A6900F28794;
			productRefGroup = BF479758292C6A6900F28794 /* Products */;
			projectDirPath = "";
			projectRoot = "";
			targets = (
				BF479756292C6A6900F28794 /* CardWorkout-Programmatic */,
			);
		};
/* End PBXProject section */

/* Begin PBXResourcesBuildPhase section */
		BF479755292C6A6900F28794 /* Resources */ = {
			isa = PBXResourcesBuildPhase;
			buildActionMask = 2147483647;
			files = (
				BF479767292C6A6A00F28794 /* LaunchScreen.storyboard in Resources */,
				BF479764292C6A6A00F28794 /* Assets.xcassets in Resources */,
			);
			runOnlyForDeploymentPostprocessing = 0;
		};
/* End PBXResourcesBuildPhase section */

/* Begin PBXSourcesBuildPhase section */
		BF479753292C6A6900F28794 /* Sources */ = {
			isa = PBXSourcesBuildPhase;
			buildActionMask = 2147483647;
			files = (
				BF6A58F6292D5ACC000288EA /* CardDeck.swift in Sources */,
				BF47975B292C6A6900F28794 /* AppDelegate.swift in Sources */,
				BF6A58F4292D0F00000288EA /* RulesVC.swift in Sources */,
				BF47975D292C6A6900F28794 /* SceneDelegate.swift in Sources */,
				BF47976F292C6E7500F28794 /* CardSelectionVC.swift in Sources */,
				BF479771292C71C500F28794 /* CWButton.swift in Sources */,
			);
			runOnlyForDeploymentPostprocessing = 0;
		};
/* End PBXSourcesBuildPhase section */

/* Begin PBXVariantGroup section */
		BF479765292C6A6A00F28794 /* LaunchScreen.storyboard */ = {
			isa = PBXVariantGroup;
			children = (
				BF479766292C6A6A00F28794 /* Base */,
			);
			name = LaunchScreen.storyboard;
			sourceTree = "<group>";
		};
/* End PBXVariantGroup section */

/* Begin XCBuildConfiguration section */
		BF479769292C6A6A00F28794 /* Debug */ = {
			isa = XCBuildConfiguration;
			buildSettings = {
				ALWAYS_SEARCH_USER_PATHS = NO;
				CLANG_ANALYZER_NONNULL = YES;
				CLANG_ANALYZER_NUMBER_OBJECT_CONVERSION = YES_AGGRESSIVE;
				CLANG_CXX_LANGUAGE_STANDARD = "gnu++20";
				CLANG_ENABLE_MODULES = YES;
				CLANG_ENABLE_OBJC_ARC = YES;
				CLANG_ENABLE_OBJC_WEAK = YES;
				CLANG_WARN_BLOCK_CAPTURE_AUTORELEASING = YES;
				CLANG_WARN_BOOL_CONVERSION = YES;
				CLANG_WARN_COMMA = YES;
				CLANG_WARN_CONSTANT_CONVERSION = YES;
				CLANG_WARN_DEPRECATED_OBJC_IMPLEMENTATIONS = YES;
				CLANG_WARN_DIRECT_OBJC_ISA_USAGE = YES_ERROR;
				CLANG_WARN_DOCUMENTATION_COMMENTS = YES;
				CLANG_WARN_EMPTY_BODY = YES;
				CLANG_WARN_ENUM_CONVERSION = YES;
				CLANG_WARN_INFINITE_RECURSION = YES;
				CLANG_WARN_INT_CONVERSION = YES;
				CLANG_WARN_NON_LITERAL_NULL_CONVERSION = YES;
				CLANG_WARN_OBJC_IMPLICIT_RETAIN_SELF = YES;
				CLANG_WARN_OBJC_LITERAL_CONVERSION = YES;
				CLANG_WARN_OBJC_ROOT_CLASS = YES_ERROR;
				CLANG_WARN_QUOTED_INCLUDE_IN_FRAMEWORK_HEADER = YES;
				CLANG_WARN_RANGE_LOOP_ANALYSIS = YES;
				CLANG_WARN_STRICT_PROTOTYPES = YES;
				CLANG_WARN_SUSPICIOUS_MOVE = YES;
				CLANG_WARN_UNGUARDED_AVAILABILITY = YES_AGGRESSIVE;
				CLANG_WARN_UNREACHABLE_CODE = YES;
				CLANG_WARN__DUPLICATE_METHOD_MATCH = YES;
				COPY_PHASE_STRIP = NO;
				DEBUG_INFORMATION_FORMAT = dwarf;
				ENABLE_STRICT_OBJC_MSGSEND = YES;
				ENABLE_TESTABILITY = YES;
				GCC_C_LANGUAGE_STANDARD = gnu11;
				GCC_DYNAMIC_NO_PIC = NO;
				GCC_NO_COMMON_BLOCKS = YES;
				GCC_OPTIMIZATION_LEVEL = 0;
				GCC_PREPROCESSOR_DEFINITIONS = (
					"DEBUG=1",
					"$(inherited)",
				);
				GCC_WARN_64_TO_32_BIT_CONVERSION = YES;
				GCC_WARN_ABOUT_RETURN_TYPE = YES_ERROR;
				GCC_WARN_UNDECLARED_SELECTOR = YES;
				GCC_WARN_UNINITIALIZED_AUTOS = YES_AGGRESSIVE;
				GCC_WARN_UNUSED_FUNCTION = YES;
				GCC_WARN_UNUSED_VARIABLE = YES;
				IPHONEOS_DEPLOYMENT_TARGET = 16.1;
				MTL_ENABLE_DEBUG_INFO = INCLUDE_SOURCE;
				MTL_FAST_MATH = YES;
				ONLY_ACTIVE_ARCH = YES;
				SDKROOT = iphoneos;
				SWIFT_ACTIVE_COMPILATION_CONDITIONS = DEBUG;
				SWIFT_OPTIMIZATION_LEVEL = "-Onone";
			};
			name = Debug;
		};
		BF47976A292C6A6A00F28794 /* Release */ = {
			isa = XCBuildConfiguration;
			buildSettings = {
				ALWAYS_SEARCH_USER_PATHS = NO;
				CLANG_ANALYZER_NONNULL = YES;
				CLANG_ANALYZER_NUMBER_OBJECT_CONVERSION = YES_AGGRESSIVE;
				CLANG_CXX_LANGUAGE_STANDARD = "gnu++20";
				CLANG_ENABLE_MODULES = YES;
				CLANG_ENABLE_OBJC_ARC = YES;
				CLANG_ENABLE_OBJC_WEAK = YES;
				CLANG_WARN_BLOCK_CAPTURE_AUTORELEASING = YES;
				CLANG_WARN_BOOL_CONVERSION = YES;
				CLANG_WARN_COMMA = YES;
				CLANG_WARN_CONSTANT_CONVERSION = YES;
				CLANG_WARN_DEPRECATED_OBJC_IMPLEMENTATIONS = YES;
				CLANG_WARN_DIRECT_OBJC_ISA_USAGE = YES_ERROR;
				CLANG_WARN_DOCUMENTATION_COMMENTS = YES;
				CLANG_WARN_EMPTY_BODY = YES;
				CLANG_WARN_ENUM_CONVERSION = YES;
				CLANG_WARN_INFINITE_RECURSION = YES;
				CLANG_WARN_INT_CONVERSION = YES;
				CLANG_WARN_NON_LITERAL_NULL_CONVERSION = YES;
				CLANG_WARN_OBJC_IMPLICIT_RETAIN_SELF = YES;
				CLANG_WARN_OBJC_LITERAL_CONVERSION = YES;
				CLANG_WARN_OBJC_ROOT_CLASS = YES_ERROR;
				CLANG_WARN_QUOTED_INCLUDE_IN_FRAMEWORK_HEADER = YES;
				CLANG_WARN_RANGE_LOOP_ANALYSIS = YES;
				CLANG_WARN_STRICT_PROTOTYPES = YES;
				CLANG_WARN_SUSPICIOUS_MOVE = YES;
				CLANG_WARN_UNGUARDED_AVAILABILITY = YES_AGGRESSIVE;
				CLANG_WARN_UNREACHABLE_CODE = YES;
				CLANG_WARN__DUPLICATE_METHOD_MATCH = YES;
				COPY_PHASE_STRIP = NO;
				DEBUG_INFORMATION_FORMAT = "dwarf-with-dsym";
				ENABLE_NS_ASSERTIONS = NO;
				ENABLE_STRICT_OBJC_MSGSEND = YES;
				GCC_C_LANGUAGE_STANDARD = gnu11;
				GCC_NO_COMMON_BLOCKS = YES;
				GCC_WARN_64_TO_32_BIT_CONVERSION = YES;
				GCC_WARN_ABOUT_RETURN_TYPE = YES_ERROR;
				GCC_WARN_UNDECLARED_SELECTOR = YES;
				GCC_WARN_UNINITIALIZED_AUTOS = YES_AGGRESSIVE;
				GCC_WARN_UNUSED_FUNCTION = YES;
				GCC_WARN_UNUSED_VARIABLE = YES;
				IPHONEOS_DEPLOYMENT_TARGET = 16.1;
				MTL_ENABLE_DEBUG_INFO = NO;
				MTL_FAST_MATH = YES;
				SDKROOT = iphoneos;
				SWIFT_COMPILATION_MODE = wholemodule;
				SWIFT_OPTIMIZATION_LEVEL = "-O";
				VALIDATE_PRODUCT = YES;
			};
			name = Release;
		};
		BF47976C292C6A6A00F28794 /* Debug */ = {
			isa = XCBuildConfiguration;
			buildSettings = {
				ASSETCATALOG_COMPILER_APPICON_NAME = AppIcon;
				ASSETCATALOG_COMPILER_GLOBAL_ACCENT_COLOR_NAME = AccentColor;
				CODE_SIGN_STYLE = Automatic;
				CURRENT_PROJECT_VERSION = 1;
				GENERATE_INFOPLIST_FILE = YES;
				INFOPLIST_FILE = "CardWorkout-Programmatic/Info.plist";
				INFOPLIST_KEY_UIApplicationSupportsIndirectInputEvents = YES;
				INFOPLIST_KEY_UILaunchStoryboardName = LaunchScreen;
				INFOPLIST_KEY_UISupportedInterfaceOrientations_iPad = "UIInterfaceOrientationPortrait UIInterfaceOrientationPortraitUpsideDown UIInterfaceOrientationLandscapeLeft UIInterfaceOrientationLandscapeRight";
				INFOPLIST_KEY_UISupportedInterfaceOrientations_iPhone = "UIInterfaceOrientationPortrait UIInterfaceOrientationLandscapeLeft UIInterfaceOrientationLandscapeRight";
				LD_RUNPATH_SEARCH_PATHS = (
					"$(inherited)",
					"@executable_path/Frameworks",
				);
				MARKETING_VERSION = 1.0;
				PRODUCT_BUNDLE_IDENTIFIER = "aishanurgali.CardWorkout-Programmatic";
				PRODUCT_NAME = "$(TARGET_NAME)";
				SWIFT_EMIT_LOC_STRINGS = YES;
				SWIFT_VERSION = 5.0;
				TARGETED_DEVICE_FAMILY = "1,2";
			};
			name = Debug;
		};
		BF47976D292C6A6A00F28794 /* Release */ = {
			isa = XCBuildConfiguration;
			buildSettings = {
				ASSETCATALOG_COMPILER_APPICON_NAME = AppIcon;
				ASSETCATALOG_COMPILER_GLOBAL_ACCENT_COLOR_NAME = AccentColor;
				CODE_SIGN_STYLE = Automatic;
				CURRENT_PROJECT_VERSION = 1;
				GENERATE_INFOPLIST_FILE = YES;
				INFOPLIST_FILE = "CardWorkout-Programmatic/Info.plist";
				INFOPLIST_KEY_UIApplicationSupportsIndirectInputEvents = YES;
				INFOPLIST_KEY_UILaunchStoryboardName = LaunchScreen;
				INFOPLIST_KEY_UISupportedInterfaceOrientations_iPad = "UIInterfaceOrientationPortrait UIInterfaceOrientationPortraitUpsideDown UIInterfaceOrientationLandscapeLeft UIInterfaceOrientationLandscapeRight";
				INFOPLIST_KEY_UISupportedInterfaceOrientations_iPhone = "UIInterfaceOrientationPortrait UIInterfaceOrientationLandscapeLeft UIInterfaceOrientationLandscapeRight";
				LD_RUNPATH_SEARCH_PATHS = (
					"$(inherited)",
					"@executable_path/Frameworks",
				);
				MARKETING_VERSION = 1.0;
				PRODUCT_BUNDLE_IDENTIFIER = "aishanurgali.CardWorkout-Programmatic";
				PRODUCT_NAME = "$(TARGET_NAME)";
				SWIFT_EMIT_LOC_STRINGS = YES;
				SWIFT_VERSION = 5.0;
				TARGETED_DEVICE_FAMILY = "1,2";
			};
			name = Release;
		};
/* End XCBuildConfiguration section */

/* Begin XCConfigurationList section */
		BF479752292C6A6900F28794 /* Build configuration list for PBXProject "CardWorkout-Programmatic" */ = {
			isa = XCConfigurationList;
			buildConfigurations = (
				BF479769292C6A6A00F28794 /* Debug */,
				BF47976A292C6A6A00F28794 /* Release */,
			);
			defaultConfigurationIsVisible = 0;
			defaultConfigurationName = Release;
		};
		BF47976B292C6A6A00F28794 /* Build configuration list for PBXNativeTarget "CardWorkout-Programmatic" */ = {
			isa = XCConfigurationList;
			buildConfigurations = (
				BF47976C292C6A6A00F28794 /* Debug */,
				BF47976D292C6A6A00F28794 /* Release */,
			);
			defaultConfigurationIsVisible = 0;
			defaultConfigurationName = Release;
		};
/* End XCConfigurationList section */
	};
	rootObject = BF47974F292C6A6900F28794 /* Project object */;
}
